
Microsoft Visual Studio Solution File, Format Version 12.00
# Visual Studio 15
VisualStudioVersion = 15.0.28010.2026
MinimumVisualStudioVersion = 10.0.40219.1
Project("{FAE04EC0-301F-11D3-BF4B-00C04F79EFBC}") = "Ejer1", "Bol3\Ejer1.csproj", "{DDE10DCD-753E-48C4-9B79-A394252E4396}"
EndProject
Project("{FAE04EC0-301F-11D3-BF4B-00C04F79EFBC}") = "Ejer2", "Ejer2\Ejer2.csproj", "{0EED4C83-75D1-402C-B456-3E761270F143}"
EndProject
Project("{FAE04EC0-301F-11D3-BF4B-00C04F79EFBC}") = "Ejer3", "Ejer3\Ejer3.csproj", "{B7B4F3AF-B1D9-479E-A4AB-5D657A63DA43}"
EndProject
Global
	GlobalSection(SolutionConfigurationPlatforms) = preSolution
		Debug|Any CPU = Debug|Any CPU
		Release|Any CPU = Release|Any CPU
	EndGlobalSection
	GlobalSection(ProjectConfigurationPlatforms) = postSolution
		{DDE10DCD-753E-48C4-9B79-A394252E4396}.Debug|Any CPU.ActiveCfg = Debug|Any CPU
		{DDE10DCD-753E-48C4-9B79-A394252E4396}.Debug|Any CPU.Build.0 = Debug|Any CPU
		{DDE10DCD-753E-48C4-9B79-A394252E4396}.Release|Any CPU.ActiveCfg = Release|Any CPU
		{DDE10DCD-753E-48C4-9B79-A394252E4396}.Release|Any CPU.Build.0 = Release|Any CPU
		{0EED4C83-75D1-402C-B456-3E761270F143}.Debug|Any CPU.ActiveCfg = Debug|Any CPU
		{0EED4C83-75D1-402C-B456-3E761270F143}.Debug|Any CPU.Build.0 = Debug|Any CPU
		{0EED4C83-75D1-402C-B456-3E761270F143}.Release|Any CPU.ActiveCfg = Release|Any CPU
		{0EED4C83-75D1-402C-B456-3E761270F143}.Release|Any CPU.Build.0 = Release|Any CPU
		{B7B4F3AF-B1D9-479E-A4AB-5D657A63DA43}.Debug|Any CPU.ActiveCfg = Debug|Any CPU
		{B7B4F3AF-B1D9-479E-A4AB-5D657A63DA43}.Debug|Any CPU.Build.0 = Debug|Any CPU
		{B7B4F3AF-B1D9-479E-A4AB-5D657A63DA43}.Release|Any CPU.ActiveCfg = Release|Any CPU
		{B7B4F3AF-B1D9-479E-A4AB-5D657A63DA43}.Release|Any CPU.Build.0 = Release|Any CPU
	EndGlobalSection
	GlobalSection(SolutionProperties) = preSolution
		HideSolutionNode = FALSE
	EndGlobalSection
	GlobalSection(ExtensibilityGlobals) = postSolution
		SolutionGuid = {C325950D-DCA9-4761-896D-1EEF4626D412}
	EndGlobalSection
EndGlobal
